
Microsoft Visual Studio Solution File, Format Version 12.00
# Visual Studio Version 16
VisualStudioVersion = 16.0.30309.148
MinimumVisualStudioVersion = 10.0.40219.1
Project("{FAE04EC0-301F-11D3-BF4B-00C04F79EFBC}") = "TechGenics", "TechGenics\TechGenics.csproj", "{D4A68A2B-EEDC-4AEF-8B9F-A45620710DE7}"
EndProject
Project("{00D1A9C2-B5F0-4AF3-8072-F6C62B433612}") = "TGDBProj", "TGDBProj\TGDBProj.sqlproj", "{1C6E5DD1-678F-49EF-BF4C-50F5FEF1860B}"
EndProject
Project("{54435603-DBB4-11D2-8724-00A0C9A8B90C}") = "RGSetup", "RGSetup\RGSetup.vdproj", "{7157EA39-6ED2-4494-88D7-50C1BCF693C8}"
EndProject
Global
	GlobalSection(SolutionConfigurationPlatforms) = preSolution
		Debug|Any CPU = Debug|Any CPU
		Release|Any CPU = Release|Any CPU
	EndGlobalSection
	GlobalSection(ProjectConfigurationPlatforms) = postSolution
		{D4A68A2B-EEDC-4AEF-8B9F-A45620710DE7}.Debug|Any CPU.ActiveCfg = Debug|Any CPU
		{D4A68A2B-EEDC-4AEF-8B9F-A45620710DE7}.Debug|Any CPU.Build.0 = Debug|Any CPU
		{D4A68A2B-EEDC-4AEF-8B9F-A45620710DE7}.Release|Any CPU.ActiveCfg = Release|Any CPU
		{D4A68A2B-EEDC-4AEF-8B9F-A45620710DE7}.Release|Any CPU.Build.0 = Release|Any CPU
		{1C6E5DD1-678F-49EF-BF4C-50F5FEF1860B}.Debug|Any CPU.ActiveCfg = Debug|Any CPU
		{1C6E5DD1-678F-49EF-BF4C-50F5FEF1860B}.Debug|Any CPU.Build.0 = Debug|Any CPU
		{1C6E5DD1-678F-49EF-BF4C-50F5FEF1860B}.Debug|Any CPU.Deploy.0 = Debug|Any CPU
		{1C6E5DD1-678F-49EF-BF4C-50F5FEF1860B}.Release|Any CPU.ActiveCfg = Release|Any CPU
		{1C6E5DD1-678F-49EF-BF4C-50F5FEF1860B}.Release|Any CPU.Build.0 = Release|Any CPU
		{1C6E5DD1-678F-49EF-BF4C-50F5FEF1860B}.Release|Any CPU.Deploy.0 = Release|Any CPU
		{7157EA39-6ED2-4494-88D7-50C1BCF693C8}.Debug|Any CPU.ActiveCfg = Debug
		{7157EA39-6ED2-4494-88D7-50C1BCF693C8}.Release|Any CPU.ActiveCfg = Release
	EndGlobalSection
	GlobalSection(SolutionProperties) = preSolution
		HideSolutionNode = FALSE
	EndGlobalSection
	GlobalSection(ExtensibilityGlobals) = postSolution
		SolutionGuid = {3153E573-ECD2-4ED0-9543-4DDF3209FFAA}
	EndGlobalSection
EndGlobal
